
Microsoft Visual Studio Solution File, Format Version 12.00
# Visual Studio Version 16
VisualStudioVersion = 16.0.29519.87
MinimumVisualStudioVersion = 10.0.40219.1
Project("{8BC9CEB8-8B4A-11D0-8D11-00A0C91BC942}") = "3_1_CreateThread", "03_01_CreateThread\3_1_CreateThread.vcxproj", "{4E399DF4-F7CD-4A5F-B49E-F902E8A59106}"
EndProject
Project("{8BC9CEB8-8B4A-11D0-8D11-00A0C91BC942}") = "3_2_BeginThreadEx", "03_02_BeginThreadEx\3_2_BeginThreadEx.vcxproj", "{58338388-9DB8-4D8D-966E-4F48CD7FB084}"
EndProject
Project("{8BC9CEB8-8B4A-11D0-8D11-00A0C91BC942}") = "3_3_TerminateThread", "03_03_TerminateThread\3_3_TerminateThread.vcxproj", "{523D87FB-1756-4794-B662-25754CB6C05E}"
EndProject
Project("{8BC9CEB8-8B4A-11D0-8D11-00A0C91BC942}") = "3_4_SuspendResumeSleepThread", "03_04_SuspendResumeSleepThread\3_4_SuspendResumeSleepThread.vcxproj", "{E0C2D5EA-B655-4501-9FBF-0C7959DC0425}"
EndProject
Project("{8BC9CEB8-8B4A-11D0-8D11-00A0C91BC942}") = "3_5_GetCurrentThread", "03_05_GetCurrentThread\3_5_GetCurrentThread.vcxproj", "{5F090730-542C-4233-A0BF-295D2C31A943}"
EndProject
Project("{8BC9CEB8-8B4A-11D0-8D11-00A0C91BC942}") = "3_6_7_ErrorMessageBox", "03_06_07_ErrorMessageBox\3_6_7_ErrorMessageBox.vcxproj", "{D143A0B8-97CA-4914-BC01-134DAC515F14}"
EndProject
Project("{8BC9CEB8-8B4A-11D0-8D11-00A0C91BC942}") = "3_8_CharToOem", "03_08_CharToOem\3_8_CharToOem.vcxproj", "{E4255C80-3F83-4287-A56E-68984805F11E}"
EndProject
Project("{8BC9CEB8-8B4A-11D0-8D11-00A0C91BC942}") = "3_9_10_ErrorMessage", "03_09_10_ErrorMessage\3_9_10_ErrorMessage.vcxproj", "{4F20C86F-EDF4-4DF5-88AF-B5BB1F2640F6}"
EndProject
Project("{8BC9CEB8-8B4A-11D0-8D11-00A0C91BC942}") = "4_01 ConsoleProcess", "04_01_ConsoleProcess\ConsoleProcess.vcxproj", "{71D8B34F-B88E-4922-A738-0433A134423F}"
EndProject
Project("{8BC9CEB8-8B4A-11D0-8D11-00A0C91BC942}") = "4_02_CreateProcess", "04_02_CreateProcess\04_02_CreateProcess.vcxproj", "{B7A0AB47-46AB-4686-85CF-5988709B8FED}"
EndProject
Project("{8BC9CEB8-8B4A-11D0-8D11-00A0C91BC942}") = "4_03_CreateProcess", "04_03_CreateProcess\04_03_CreateProcess.vcxproj", "{BB9F5AD9-F694-40A4-8AC6-F4A8725AD2D1}"
EndProject
Project("{8BC9CEB8-8B4A-11D0-8D11-00A0C91BC942}") = "4_04_CreateProcess", "04_04_CreateProcess\04_04_CreateProcess.vcxproj", "{9CA5832A-AA88-420A-B749-21AB0052FE52}"
EndProject
Project("{8BC9CEB8-8B4A-11D0-8D11-00A0C91BC942}") = "4_05_ExitProcess", "04_05_ExitProcess\04_05_ExitProcess.vcxproj", "{5322B464-9DE8-48AA-95F6-CD3881AF6FAE}"
EndProject
Project("{8BC9CEB8-8B4A-11D0-8D11-00A0C91BC942}") = "4_06_ConsoleProcess", "04_06_ConsoleProcess\4_06_ConsoleProcess.vcxproj", "{B8551349-8B72-4C90-B890-0335862966C0}"
EndProject
Global
	GlobalSection(SolutionConfigurationPlatforms) = preSolution
		Alpha32 Debug|Any CPU = Alpha32 Debug|Any CPU
		Alpha32 Debug|Win32 = Alpha32 Debug|Win32
		Alpha32 Debug|x64 = Alpha32 Debug|x64
		Alpha32 Debug|x86 = Alpha32 Debug|x86
		Alpha32 Release|Any CPU = Alpha32 Release|Any CPU
		Alpha32 Release|Win32 = Alpha32 Release|Win32
		Alpha32 Release|x64 = Alpha32 Release|x64
		Alpha32 Release|x86 = Alpha32 Release|x86
		Debug|Any CPU = Debug|Any CPU
		Debug|Win32 = Debug|Win32
		Debug|x64 = Debug|x64
		Debug|x86 = Debug|x86
		Profile|Any CPU = Profile|Any CPU
		Profile|Win32 = Profile|Win32
		Profile|x64 = Profile|x64
		Profile|x86 = Profile|x86
		Relase|Any CPU = Relase|Any CPU
		Relase|Win32 = Relase|Win32
		Relase|x64 = Relase|x64
		Relase|x86 = Relase|x86
		Release|Any CPU = Release|Any CPU
		Release|Win32 = Release|Win32
		Release|x64 = Release|x64
		Release|x86 = Release|x86
		Template|Any CPU = Template|Any CPU
		Template|Win32 = Template|Win32
		Template|x64 = Template|x64
		Template|x86 = Template|x86
	EndGlobalSection
	GlobalSection(ProjectConfigurationPlatforms) = postSolution
		{4E399DF4-F7CD-4A5F-B49E-F902E8A59106}.Alpha32 Debug|Any CPU.ActiveCfg = Release|Win32
		{4E399DF4-F7CD-4A5F-B49E-F902E8A59106}.Alpha32 Debug|Any CPU.Build.0 = Release|Win32
		{4E399DF4-F7CD-4A5F-B49E-F902E8A59106}.Alpha32 Debug|Win32.ActiveCfg = Debug|Win32
		{4E399DF4-F7CD-4A5F-B49E-F902E8A59106}.Alpha32 Debug|Win32.Build.0 = Debug|Win32
		{4E399DF4-F7CD-4A5F-B49E-F902E8A59106}.Alpha32 Debug|x64.ActiveCfg = Release|Win32
		{4E399DF4-F7CD-4A5F-B49E-F902E8A59106}.Alpha32 Debug|x64.Build.0 = Release|Win32
		{4E399DF4-F7CD-4A5F-B49E-F902E8A59106}.Alpha32 Debug|x86.ActiveCfg = Debug|Win32
		{4E399DF4-F7CD-4A5F-B49E-F902E8A59106}.Alpha32 Debug|x86.Build.0 = Debug|Win32
		{4E399DF4-F7CD-4A5F-B49E-F902E8A59106}.Alpha32 Release|Any CPU.ActiveCfg = Release|Win32
		{4E399DF4-F7CD-4A5F-B49E-F902E8A59106}.Alpha32 Release|Any CPU.Build.0 = Release|Win32
		{4E399DF4-F7CD-4A5F-B49E-F902E8A59106}.Alpha32 Release|Win32.ActiveCfg = Release|Win32
		{4E399DF4-F7CD-4A5F-B49E-F902E8A59106}.Alpha32 Release|Win32.Build.0 = Release|Win32
		{4E399DF4-F7CD-4A5F-B49E-F902E8A59106}.Alpha32 Release|x64.ActiveCfg = Release|Win32
		{4E399DF4-F7CD-4A5F-B49E-F902E8A59106}.Alpha32 Release|x64.Build.0 = Release|Win32
		{4E399DF4-F7CD-4A5F-B49E-F902E8A59106}.Alpha32 Release|x86.ActiveCfg = Release|Win32
		{4E399DF4-F7CD-4A5F-B49E-F902E8A59106}.Alpha32 Release|x86.Build.0 = Release|Win32
		{4E399DF4-F7CD-4A5F-B49E-F902E8A59106}.Debug|Any CPU.ActiveCfg = Debug|Win32
		{4E399DF4-F7CD-4A5F-B49E-F902E8A59106}.Debug|Win32.ActiveCfg = Debug|Win32
		{4E399DF4-F7CD-4A5F-B49E-F902E8A59106}.Debug|Win32.Build.0 = Debug|Win32
		{4E399DF4-F7CD-4A5F-B49E-F902E8A59106}.Debug|x64.ActiveCfg = Debug|Win32
		{4E399DF4-F7CD-4A5F-B49E-F902E8A59106}.Debug|x86.ActiveCfg = Debug|Win32
		{4E399DF4-F7CD-4A5F-B49E-F902E8A59106}.Debug|x86.Build.0 = Debug|Win32
		{4E399DF4-F7CD-4A5F-B49E-F902E8A59106}.Profile|Any CPU.ActiveCfg = Release|Win32
		{4E399DF4-F7CD-4A5F-B49E-F902E8A59106}.Profile|Any CPU.Build.0 = Release|Win32
		{4E399DF4-F7CD-4A5F-B49E-F902E8A59106}.Profile|Win32.ActiveCfg = Release|Win32
		{4E399DF4-F7CD-4A5F-B49E-F902E8A59106}.Profile|Win32.Build.0 = Release|Win32
		{4E399DF4-F7CD-4A5F-B49E-F902E8A59106}.Profile|x64.ActiveCfg = Release|Win32
		{4E399DF4-F7CD-4A5F-B49E-F902E8A59106}.Profile|x64.Build.0 = Release|Win32
		{4E399DF4-F7CD-4A5F-B49E-F902E8A59106}.Profile|x86.ActiveCfg = Release|Win32
		{4E399DF4-F7CD-4A5F-B49E-F902E8A59106}.Profile|x86.Build.0 = Release|Win32
		{4E399DF4-F7CD-4A5F-B49E-F902E8A59106}.Relase|Any CPU.ActiveCfg = Release|Win32
		{4E399DF4-F7CD-4A5F-B49E-F902E8A59106}.Relase|Any CPU.Build.0 = Release|Win32
		{4E399DF4-F7CD-4A5F-B49E-F902E8A59106}.Relase|Win32.ActiveCfg = Release|Win32
		{4E399DF4-F7CD-4A5F-B49E-F902E8A59106}.Relase|Win32.Build.0 = Release|Win32
		{4E399DF4-F7CD-4A5F-B49E-F902E8A59106}.Relase|x64.ActiveCfg = Release|Win32
		{4E399DF4-F7CD-4A5F-B49E-F902E8A59106}.Relase|x64.Build.0 = Release|Win32
		{4E399DF4-F7CD-4A5F-B49E-F902E8A59106}.Relase|x86.ActiveCfg = Release|Win32
		{4E399DF4-F7CD-4A5F-B49E-F902E8A59106}.Relase|x86.Build.0 = Release|Win32
		{4E399DF4-F7CD-4A5F-B49E-F902E8A59106}.Release|Any CPU.ActiveCfg = Release|Win32
		{4E399DF4-F7CD-4A5F-B49E-F902E8A59106}.Release|Win32.ActiveCfg = Release|Win32
		{4E399DF4-F7CD-4A5F-B49E-F902E8A59106}.Release|Win32.Build.0 = Release|Win32
		{4E399DF4-F7CD-4A5F-B49E-F902E8A59106}.Release|x64.ActiveCfg = Release|Win32
		{4E399DF4-F7CD-4A5F-B49E-F902E8A59106}.Release|x86.ActiveCfg = Release|Win32
		{4E399DF4-F7CD-4A5F-B49E-F902E8A59106}.Release|x86.Build.0 = Release|Win32
		{4E399DF4-F7CD-4A5F-B49E-F902E8A59106}.Template|Any CPU.ActiveCfg = Release|Win32
		{4E399DF4-F7CD-4A5F-B49E-F902E8A59106}.Template|Any CPU.Build.0 = Release|Win32
		{4E399DF4-F7CD-4A5F-B49E-F902E8A59106}.Template|Win32.ActiveCfg = Release|Win32
		{4E399DF4-F7CD-4A5F-B49E-F902E8A59106}.Template|Win32.Build.0 = Release|Win32
		{4E399DF4-F7CD-4A5F-B49E-F902E8A59106}.Template|x64.ActiveCfg = Release|Win32
		{4E399DF4-F7CD-4A5F-B49E-F902E8A59106}.Template|x64.Build.0 = Release|Win32
		{4E399DF4-F7CD-4A5F-B49E-F902E8A59106}.Template|x86.ActiveCfg = Release|Win32
		{4E399DF4-F7CD-4A5F-B49E-F902E8A59106}.Template|x86.Build.0 = Release|Win32
		{58338388-9DB8-4D8D-966E-4F48CD7FB084}.Alpha32 Debug|Any CPU.ActiveCfg = Template|Win32
		{58338388-9DB8-4D8D-966E-4F48CD7FB084}.Alpha32 Debug|Any CPU.Build.0 = Template|Win32
		{58338388-9DB8-4D8D-966E-4F48CD7FB084}.Alpha32 Debug|Win32.ActiveCfg = Debug|Win32
		{58338388-9DB8-4D8D-966E-4F48CD7FB084}.Alpha32 Debug|Win32.Build.0 = Debug|Win32
		{58338388-9DB8-4D8D-966E-4F48CD7FB084}.Alpha32 Debug|x64.ActiveCfg = Template|Win32
		{58338388-9DB8-4D8D-966E-4F48CD7FB084}.Alpha32 Debug|x64.Build.0 = Template|Win32
		{58338388-9DB8-4D8D-966E-4F48CD7FB084}.Alpha32 Debug|x86.ActiveCfg = Debug|Win32
		{58338388-9DB8-4D8D-966E-4F48CD7FB084}.Alpha32 Debug|x86.Build.0 = Debug|Win32
		{58338388-9DB8-4D8D-966E-4F48CD7FB084}.Alpha32 Release|Any CPU.ActiveCfg = Template|Win32
		{58338388-9DB8-4D8D-966E-4F48CD7FB084}.Alpha32 Release|Any CPU.Build.0 = Template|Win32
		{58338388-9DB8-4D8D-966E-4F48CD7FB084}.Alpha32 Release|Win32.ActiveCfg = Release|Win32
		{58338388-9DB8-4D8D-966E-4F48CD7FB084}.Alpha32 Release|Win32.Build.0 = Release|Win32
		{58338388-9DB8-4D8D-966E-4F48CD7FB084}.Alpha32 Release|x64.ActiveCfg = Template|Win32
		{58338388-9DB8-4D8D-966E-4F48CD7FB084}.Alpha32 Release|x64.Build.0 = Template|Win32
		{58338388-9DB8-4D8D-966E-4F48CD7FB084}.Alpha32 Release|x86.ActiveCfg = Release|Win32
		{58338388-9DB8-4D8D-966E-4F48CD7FB084}.Alpha32 Release|x86.Build.0 = Release|Win32
		{58338388-9DB8-4D8D-966E-4F48CD7FB084}.Debug|Any CPU.ActiveCfg = Debug|Win32
		{58338388-9DB8-4D8D-966E-4F48CD7FB084}.Debug|Win32.ActiveCfg = Debug|Win32
		{58338388-9DB8-4D8D-966E-4F48CD7FB084}.Debug|Win32.Build.0 = Debug|Win32
		{58338388-9DB8-4D8D-966E-4F48CD7FB084}.Debug|x64.ActiveCfg = Debug|Win32
		{58338388-9DB8-4D8D-966E-4F48CD7FB084}.Debug|x86.ActiveCfg = Debug|Win32
		{58338388-9DB8-4D8D-966E-4F48CD7FB084}.Debug|x86.Build.0 = Debug|Win32
		{58338388-9DB8-4D8D-966E-4F48CD7FB084}.Profile|Any CPU.ActiveCfg = Template|Win32
		{58338388-9DB8-4D8D-966E-4F48CD7FB084}.Profile|Any CPU.Build.0 = Template|Win32
		{58338388-9DB8-4D8D-966E-4F48CD7FB084}.Profile|Win32.ActiveCfg = Template|Win32
		{58338388-9DB8-4D8D-966E-4F48CD7FB084}.Profile|Win32.Build.0 = Template|Win32
		{58338388-9DB8-4D8D-966E-4F48CD7FB084}.Profile|x64.ActiveCfg = Template|Win32
		{58338388-9DB8-4D8D-966E-4F48CD7FB084}.Profile|x64.Build.0 = Template|Win32
		{58338388-9DB8-4D8D-966E-4F48CD7FB084}.Profile|x86.ActiveCfg = Template|Win32
		{58338388-9DB8-4D8D-966E-4F48CD7FB084}.Profile|x86.Build.0 = Template|Win32
		{58338388-9DB8-4D8D-966E-4F48CD7FB084}.Relase|Any CPU.ActiveCfg = Template|Win32
		{58338388-9DB8-4D8D-966E-4F48CD7FB084}.Relase|Any CPU.Build.0 = Template|Win32
		{58338388-9DB8-4D8D-966E-4F48CD7FB084}.Relase|Win32.ActiveCfg = Release|Win32
		{58338388-9DB8-4D8D-966E-4F48CD7FB084}.Relase|Win32.Build.0 = Release|Win32
		{58338388-9DB8-4D8D-966E-4F48CD7FB084}.Relase|x64.ActiveCfg = Template|Win32
		{58338388-9DB8-4D8D-966E-4F48CD7FB084}.Relase|x64.Build.0 = Template|Win32
		{58338388-9DB8-4D8D-966E-4F48CD7FB084}.Relase|x86.ActiveCfg = Release|Win32
		{58338388-9DB8-4D8D-966E-4F48CD7FB084}.Relase|x86.Build.0 = Release|Win32
		{58338388-9DB8-4D8D-966E-4F48CD7FB084}.Release|Any CPU.ActiveCfg = Release|Win32
		{58338388-9DB8-4D8D-966E-4F48CD7FB084}.Release|Win32.ActiveCfg = Release|Win32
		{58338388-9DB8-4D8D-966E-4F48CD7FB084}.Release|Win32.Build.0 = Release|Win32
		{58338388-9DB8-4D8D-966E-4F48CD7FB084}.Release|x64.ActiveCfg = Release|Win32
		{58338388-9DB8-4D8D-966E-4F48CD7FB084}.Release|x86.ActiveCfg = Release|Win32
		{58338388-9DB8-4D8D-966E-4F48CD7FB084}.Release|x86.Build.0 = Release|Win32
		{58338388-9DB8-4D8D-966E-4F48CD7FB084}.Template|Any CPU.ActiveCfg = Template|Win32
		{58338388-9DB8-4D8D-966E-4F48CD7FB084}.Template|Win32.ActiveCfg = Template|Win32
		{58338388-9DB8-4D8D-966E-4F48CD7FB084}.Template|Win32.Build.0 = Template|Win32
		{58338388-9DB8-4D8D-966E-4F48CD7FB084}.Template|x64.ActiveCfg = Template|Win32
		{58338388-9DB8-4D8D-966E-4F48CD7FB084}.Template|x86.ActiveCfg = Template|Win32
		{58338388-9DB8-4D8D-966E-4F48CD7FB084}.Template|x86.Build.0 = Template|Win32
		{523D87FB-1756-4794-B662-25754CB6C05E}.Alpha32 Debug|Any CPU.ActiveCfg = Template|Win32
		{523D87FB-1756-4794-B662-25754CB6C05E}.Alpha32 Debug|Any CPU.Build.0 = Template|Win32
		{523D87FB-1756-4794-B662-25754CB6C05E}.Alpha32 Debug|Win32.ActiveCfg = Debug|Win32
		{523D87FB-1756-4794-B662-25754CB6C05E}.Alpha32 Debug|Win32.Build.0 = Debug|Win32
		{523D87FB-1756-4794-B662-25754CB6C05E}.Alpha32 Debug|x64.ActiveCfg = Template|Win32
		{523D87FB-1756-4794-B662-25754CB6C05E}.Alpha32 Debug|x64.Build.0 = Template|Win32
		{523D87FB-1756-4794-B662-25754CB6C05E}.Alpha32 Debug|x86.ActiveCfg = Debug|Win32
		{523D87FB-1756-4794-B662-25754CB6C05E}.Alpha32 Debug|x86.Build.0 = Debug|Win32
		{523D87FB-1756-4794-B662-25754CB6C05E}.Alpha32 Release|Any CPU.ActiveCfg = Template|Win32
		{523D87FB-1756-4794-B662-25754CB6C05E}.Alpha32 Release|Any CPU.Build.0 = Template|Win32
		{523D87FB-1756-4794-B662-25754CB6C05E}.Alpha32 Release|Win32.ActiveCfg = Release|Win32
		{523D87FB-1756-4794-B662-25754CB6C05E}.Alpha32 Release|Win32.Build.0 = Release|Win32
		{523D87FB-1756-4794-B662-25754CB6C05E}.Alpha32 Release|x64.ActiveCfg = Template|Win32
		{523D87FB-1756-4794-B662-25754CB6C05E}.Alpha32 Release|x64.Build.0 = Template|Win32
		{523D87FB-1756-4794-B662-25754CB6C05E}.Alpha32 Release|x86.ActiveCfg = Release|Win32
		{523D87FB-1756-4794-B662-25754CB6C05E}.Alpha32 Release|x86.Build.0 = Release|Win32
		{523D87FB-1756-4794-B662-25754CB6C05E}.Debug|Any CPU.ActiveCfg = Debug|Win32
		{523D87FB-1756-4794-B662-25754CB6C05E}.Debug|Win32.ActiveCfg = Debug|Win32
		{523D87FB-1756-4794-B662-25754CB6C05E}.Debug|Win32.Build.0 = Debug|Win32
		{523D87FB-1756-4794-B662-25754CB6C05E}.Debug|x64.ActiveCfg = Debug|Win32
		{523D87FB-1756-4794-B662-25754CB6C05E}.Debug|x86.ActiveCfg = Debug|Win32
		{523D87FB-1756-4794-B662-25754CB6C05E}.Debug|x86.Build.0 = Debug|Win32
		{523D87FB-1756-4794-B662-25754CB6C05E}.Profile|Any CPU.ActiveCfg = Template|Win32
		{523D87FB-1756-4794-B662-25754CB6C05E}.Profile|Any CPU.Build.0 = Template|Win32
		{523D87FB-1756-4794-B662-25754CB6C05E}.Profile|Win32.ActiveCfg = Template|Win32
		{523D87FB-1756-4794-B662-25754CB6C05E}.Profile|Win32.Build.0 = Template|Win32
		{523D87FB-1756-4794-B662-25754CB6C05E}.Profile|x64.ActiveCfg = Template|Win32
		{523D87FB-1756-4794-B662-25754CB6C05E}.Profile|x64.Build.0 = Template|Win32
		{523D87FB-1756-4794-B662-25754CB6C05E}.Profile|x86.ActiveCfg = Template|Win32
		{523D87FB-1756-4794-B662-25754CB6C05E}.Profile|x86.Build.0 = Template|Win32
		{523D87FB-1756-4794-B662-25754CB6C05E}.Relase|Any CPU.ActiveCfg = Template|Win32
		{523D87FB-1756-4794-B662-25754CB6C05E}.Relase|Any CPU.Build.0 = Template|Win32
		{523D87FB-1756-4794-B662-25754CB6C05E}.Relase|Win32.ActiveCfg = Release|Win32
		{523D87FB-1756-4794-B662-25754CB6C05E}.Relase|Win32.Build.0 = Release|Win32
		{523D87FB-1756-4794-B662-25754CB6C05E}.Relase|x64.ActiveCfg = Template|Win32
		{523D87FB-1756-4794-B662-25754CB6C05E}.Relase|x64.Build.0 = Template|Win32
		{523D87FB-1756-4794-B662-25754CB6C05E}.Relase|x86.ActiveCfg = Release|Win32
		{523D87FB-1756-4794-B662-25754CB6C05E}.Relase|x86.Build.0 = Release|Win32
		{523D87FB-1756-4794-B662-25754CB6C05E}.Release|Any CPU.ActiveCfg = Release|Win32
		{523D87FB-1756-4794-B662-25754CB6C05E}.Release|Win32.ActiveCfg = Release|Win32
		{523D87FB-1756-4794-B662-25754CB6C05E}.Release|Win32.Build.0 = Release|Win32
		{523D87FB-1756-4794-B662-25754CB6C05E}.Release|x64.ActiveCfg = Release|Win32
		{523D87FB-1756-4794-B662-25754CB6C05E}.Release|x86.ActiveCfg = Release|Win32
		{523D87FB-1756-4794-B662-25754CB6C05E}.Release|x86.Build.0 = Release|Win32
		{523D87FB-1756-4794-B662-25754CB6C05E}.Template|Any CPU.ActiveCfg = Template|Win32
		{523D87FB-1756-4794-B662-25754CB6C05E}.Template|Win32.ActiveCfg = Template|Win32
		{523D87FB-1756-4794-B662-25754CB6C05E}.Template|Win32.Build.0 = Template|Win32
		{523D87FB-1756-4794-B662-25754CB6C05E}.Template|x64.ActiveCfg = Template|Win32
		{523D87FB-1756-4794-B662-25754CB6C05E}.Template|x86.ActiveCfg = Template|Win32
		{523D87FB-1756-4794-B662-25754CB6C05E}.Template|x86.Build.0 = Template|Win32
		{E0C2D5EA-B655-4501-9FBF-0C7959DC0425}.Alpha32 Debug|Any CPU.ActiveCfg = Release|Win32
		{E0C2D5EA-B655-4501-9FBF-0C7959DC0425}.Alpha32 Debug|Any CPU.Build.0 = Release|Win32
		{E0C2D5EA-B655-4501-9FBF-0C7959DC0425}.Alpha32 Debug|Win32.ActiveCfg = Debug|Win32
		{E0C2D5EA-B655-4501-9FBF-0C7959DC0425}.Alpha32 Debug|Win32.Build.0 = Debug|Win32
		{E0C2D5EA-B655-4501-9FBF-0C7959DC0425}.Alpha32 Debug|x64.ActiveCfg = Release|Win32
		{E0C2D5EA-B655-4501-9FBF-0C7959DC0425}.Alpha32 Debug|x64.Build.0 = Release|Win32
		{E0C2D5EA-B655-4501-9FBF-0C7959DC0425}.Alpha32 Debug|x86.ActiveCfg = Debug|Win32
		{E0C2D5EA-B655-4501-9FBF-0C7959DC0425}.Alpha32 Debug|x86.Build.0 = Debug|Win32
		{E0C2D5EA-B655-4501-9FBF-0C7959DC0425}.Alpha32 Release|Any CPU.ActiveCfg = Release|Win32
		{E0C2D5EA-B655-4501-9FBF-0C7959DC0425}.Alpha32 Release|Any CPU.Build.0 = Release|Win32
		{E0C2D5EA-B655-4501-9FBF-0C7959DC0425}.Alpha32 Release|Win32.ActiveCfg = Release|Win32
		{E0C2D5EA-B655-4501-9FBF-0C7959DC0425}.Alpha32 Release|Win32.Build.0 = Release|Win32
		{E0C2D5EA-B655-4501-9FBF-0C7959DC0425}.Alpha32 Release|x64.ActiveCfg = Release|Win32
		{E0C2D5EA-B655-4501-9FBF-0C7959DC0425}.Alpha32 Release|x64.Build.0 = Release|Win32
		{E0C2D5EA-B655-4501-9FBF-0C7959DC0425}.Alpha32 Release|x86.ActiveCfg = Release|Win32
		{E0C2D5EA-B655-4501-9FBF-0C7959DC0425}.Alpha32 Release|x86.Build.0 = Release|Win32
		{E0C2D5EA-B655-4501-9FBF-0C7959DC0425}.Debug|Any CPU.ActiveCfg = Debug|Win32
		{E0C2D5EA-B655-4501-9FBF-0C7959DC0425}.Debug|Win32.ActiveCfg = Debug|Win32
		{E0C2D5EA-B655-4501-9FBF-0C7959DC0425}.Debug|Win32.Build.0 = Debug|Win32
		{E0C2D5EA-B655-4501-9FBF-0C7959DC0425}.Debug|x64.ActiveCfg = Debug|Win32
		{E0C2D5EA-B655-4501-9FBF-0C7959DC0425}.Debug|x86.ActiveCfg = Debug|Win32
		{E0C2D5EA-B655-4501-9FBF-0C7959DC0425}.Debug|x86.Build.0 = Debug|Win32
		{E0C2D5EA-B655-4501-9FBF-0C7959DC0425}.Profile|Any CPU.ActiveCfg = Release|Win32
		{E0C2D5EA-B655-4501-9FBF-0C7959DC0425}.Profile|Any CPU.Build.0 = Release|Win32
		{E0C2D5EA-B655-4501-9FBF-0C7959DC0425}.Profile|Win32.ActiveCfg = Release|Win32
		{E0C2D5EA-B655-4501-9FBF-0C7959DC0425}.Profile|Win32.Build.0 = Release|Win32
		{E0C2D5EA-B655-4501-9FBF-0C7959DC0425}.Profile|x64.ActiveCfg = Release|Win32
		{E0C2D5EA-B655-4501-9FBF-0C7959DC0425}.Profile|x64.Build.0 = Release|Win32
		{E0C2D5EA-B655-4501-9FBF-0C7959DC0425}.Profile|x86.ActiveCfg = Release|Win32
		{E0C2D5EA-B655-4501-9FBF-0C7959DC0425}.Profile|x86.Build.0 = Release|Win32
		{E0C2D5EA-B655-4501-9FBF-0C7959DC0425}.Relase|Any CPU.ActiveCfg = Release|Win32
		{E0C2D5EA-B655-4501-9FBF-0C7959DC0425}.Relase|Any CPU.Build.0 = Release|Win32
		{E0C2D5EA-B655-4501-9FBF-0C7959DC0425}.Relase|Win32.ActiveCfg = Release|Win32
		{E0C2D5EA-B655-4501-9FBF-0C7959DC0425}.Relase|Win32.Build.0 = Release|Win32
		{E0C2D5EA-B655-4501-9FBF-0C7959DC0425}.Relase|x64.ActiveCfg = Release|Win32
		{E0C2D5EA-B655-4501-9FBF-0C7959DC0425}.Relase|x64.Build.0 = Release|Win32
		{E0C2D5EA-B655-4501-9FBF-0C7959DC0425}.Relase|x86.ActiveCfg = Release|Win32
		{E0C2D5EA-B655-4501-9FBF-0C7959DC0425}.Relase|x86.Build.0 = Release|Win32
		{E0C2D5EA-B655-4501-9FBF-0C7959DC0425}.Release|Any CPU.ActiveCfg = Release|Win32
		{E0C2D5EA-B655-4501-9FBF-0C7959DC0425}.Release|Win32.ActiveCfg = Release|Win32
		{E0C2D5EA-B655-4501-9FBF-0C7959DC0425}.Release|Win32.Build.0 = Release|Win32
		{E0C2D5EA-B655-4501-9FBF-0C7959DC0425}.Release|x64.ActiveCfg = Release|Win32
		{E0C2D5EA-B655-4501-9FBF-0C7959DC0425}.Release|x86.ActiveCfg = Release|Win32
		{E0C2D5EA-B655-4501-9FBF-0C7959DC0425}.Release|x86.Build.0 = Release|Win32
		{E0C2D5EA-B655-4501-9FBF-0C7959DC0425}.Template|Any CPU.ActiveCfg = Release|Win32
		{E0C2D5EA-B655-4501-9FBF-0C7959DC0425}.Template|Any CPU.Build.0 = Release|Win32
		{E0C2D5EA-B655-4501-9FBF-0C7959DC0425}.Template|Win32.ActiveCfg = Release|Win32
		{E0C2D5EA-B655-4501-9FBF-0C7959DC0425}.Template|Win32.Build.0 = Release|Win32
		{E0C2D5EA-B655-4501-9FBF-0C7959DC0425}.Template|x64.ActiveCfg = Release|Win32
		{E0C2D5EA-B655-4501-9FBF-0C7959DC0425}.Template|x64.Build.0 = Release|Win32
		{E0C2D5EA-B655-4501-9FBF-0C7959DC0425}.Template|x86.ActiveCfg = Release|Win32
		{E0C2D5EA-B655-4501-9FBF-0C7959DC0425}.Template|x86.Build.0 = Release|Win32
		{5F090730-542C-4233-A0BF-295D2C31A943}.Alpha32 Debug|Any CPU.ActiveCfg = Template|Win32
		{5F090730-542C-4233-A0BF-295D2C31A943}.Alpha32 Debug|Any CPU.Build.0 = Template|Win32
		{5F090730-542C-4233-A0BF-295D2C31A943}.Alpha32 Debug|Win32.ActiveCfg = Debug|Win32
		{5F090730-542C-4233-A0BF-295D2C31A943}.Alpha32 Debug|Win32.Build.0 = Debug|Win32
		{5F090730-542C-4233-A0BF-295D2C31A943}.Alpha32 Debug|x64.ActiveCfg = Template|Win32
		{5F090730-542C-4233-A0BF-295D2C31A943}.Alpha32 Debug|x64.Build.0 = Template|Win32
		{5F090730-542C-4233-A0BF-295D2C31A943}.Alpha32 Debug|x86.ActiveCfg = Debug|Win32
		{5F090730-542C-4233-A0BF-295D2C31A943}.Alpha32 Debug|x86.Build.0 = Debug|Win32
		{5F090730-542C-4233-A0BF-295D2C31A943}.Alpha32 Release|Any CPU.ActiveCfg = Template|Win32
		{5F090730-542C-4233-A0BF-295D2C31A943}.Alpha32 Release|Any CPU.Build.0 = Template|Win32
		{5F090730-542C-4233-A0BF-295D2C31A943}.Alpha32 Release|Win32.ActiveCfg = Release|Win32
		{5F090730-542C-4233-A0BF-295D2C31A943}.Alpha32 Release|Win32.Build.0 = Release|Win32
		{5F090730-542C-4233-A0BF-295D2C31A943}.Alpha32 Release|x64.ActiveCfg = Template|Win32
		{5F090730-542C-4233-A0BF-295D2C31A943}.Alpha32 Release|x64.Build.0 = Template|Win32
		{5F090730-542C-4233-A0BF-295D2C31A943}.Alpha32 Release|x86.ActiveCfg = Release|Win32
		{5F090730-542C-4233-A0BF-295D2C31A943}.Alpha32 Release|x86.Build.0 = Release|Win32
		{5F090730-542C-4233-A0BF-295D2C31A943}.Debug|Any CPU.ActiveCfg = Debug|Win32
		{5F090730-542C-4233-A0BF-295D2C31A943}.Debug|Win32.ActiveCfg = Debug|Win32
		{5F090730-542C-4233-A0BF-295D2C31A943}.Debug|Win32.Build.0 = Debug|Win32
		{5F090730-542C-4233-A0BF-295D2C31A943}.Debug|x64.ActiveCfg = Debug|Win32
		{5F090730-542C-4233-A0BF-295D2C31A943}.Debug|x86.ActiveCfg = Debug|Win32
		{5F090730-542C-4233-A0BF-295D2C31A943}.Debug|x86.Build.0 = Debug|Win32
		{5F090730-542C-4233-A0BF-295D2C31A943}.Profile|Any CPU.ActiveCfg = Template|Win32
		{5F090730-542C-4233-A0BF-295D2C31A943}.Profile|Any CPU.Build.0 = Template|Win32
		{5F090730-542C-4233-A0BF-295D2C31A943}.Profile|Win32.ActiveCfg = Template|Win32
		{5F090730-542C-4233-A0BF-295D2C31A943}.Profile|Win32.Build.0 = Template|Win32
		{5F090730-542C-4233-A0BF-295D2C31A943}.Profile|x64.ActiveCfg = Template|Win32
		{5F090730-542C-4233-A0BF-295D2C31A943}.Profile|x64.Build.0 = Template|Win32
		{5F090730-542C-4233-A0BF-295D2C31A943}.Profile|x86.ActiveCfg = Template|Win32
		{5F090730-542C-4233-A0BF-295D2C31A943}.Profile|x86.Build.0 = Template|Win32
		{5F090730-542C-4233-A0BF-295D2C31A943}.Relase|Any CPU.ActiveCfg = Template|Win32
		{5F090730-542C-4233-A0BF-295D2C31A943}.Relase|Any CPU.Build.0 = Template|Win32
		{5F090730-542C-4233-A0BF-295D2C31A943}.Relase|Win32.ActiveCfg = Release|Win32
		{5F090730-542C-4233-A0BF-295D2C31A943}.Relase|Win32.Build.0 = Release|Win32
		{5F090730-542C-4233-A0BF-295D2C31A943}.Relase|x64.ActiveCfg = Template|Win32
		{5F090730-542C-4233-A0BF-295D2C31A943}.Relase|x64.Build.0 = Template|Win32
		{5F090730-542C-4233-A0BF-295D2C31A943}.Relase|x86.ActiveCfg = Release|Win32
		{5F090730-542C-4233-A0BF-295D2C31A943}.Relase|x86.Build.0 = Release|Win32
		{5F090730-542C-4233-A0BF-295D2C31A943}.Release|Any CPU.ActiveCfg = Release|Win32
		{5F090730-542C-4233-A0BF-295D2C31A943}.Release|Win32.ActiveCfg = Release|Win32
		{5F090730-542C-4233-A0BF-295D2C31A943}.Release|Win32.Build.0 = Release|Win32
		{5F090730-542C-4233-A0BF-295D2C31A943}.Release|x64.ActiveCfg = Release|Win32
		{5F090730-542C-4233-A0BF-295D2C31A943}.Release|x86.ActiveCfg = Release|Win32
		{5F090730-542C-4233-A0BF-295D2C31A943}.Release|x86.Build.0 = Release|Win32
		{5F090730-542C-4233-A0BF-295D2C31A943}.Template|Any CPU.ActiveCfg = Template|Win32
		{5F090730-542C-4233-A0BF-295D2C31A943}.Template|Win32.ActiveCfg = Template|Win32
		{5F090730-542C-4233-A0BF-295D2C31A943}.Template|Win32.Build.0 = Template|Win32
		{5F090730-542C-4233-A0BF-295D2C31A943}.Template|x64.ActiveCfg = Template|Win32
		{5F090730-542C-4233-A0BF-295D2C31A943}.Template|x86.ActiveCfg = Template|Win32
		{5F090730-542C-4233-A0BF-295D2C31A943}.Template|x86.Build.0 = Template|Win32
		{D143A0B8-97CA-4914-BC01-134DAC515F14}.Alpha32 Debug|Any CPU.ActiveCfg = Template|Win32
		{D143A0B8-97CA-4914-BC01-134DAC515F14}.Alpha32 Debug|Any CPU.Build.0 = Template|Win32
		{D143A0B8-97CA-4914-BC01-134DAC515F14}.Alpha32 Debug|Win32.ActiveCfg = Debug|Win32
		{D143A0B8-97CA-4914-BC01-134DAC515F14}.Alpha32 Debug|Win32.Build.0 = Debug|Win32
		{D143A0B8-97CA-4914-BC01-134DAC515F14}.Alpha32 Debug|x64.ActiveCfg = Template|Win32
		{D143A0B8-97CA-4914-BC01-134DAC515F14}.Alpha32 Debug|x64.Build.0 = Template|Win32
		{D143A0B8-97CA-4914-BC01-134DAC515F14}.Alpha32 Debug|x86.ActiveCfg = Debug|Win32
		{D143A0B8-97CA-4914-BC01-134DAC515F14}.Alpha32 Debug|x86.Build.0 = Debug|Win32
		{D143A0B8-97CA-4914-BC01-134DAC515F14}.Alpha32 Release|Any CPU.ActiveCfg = Template|Win32
		{D143A0B8-97CA-4914-BC01-134DAC515F14}.Alpha32 Release|Any CPU.Build.0 = Template|Win32
		{D143A0B8-97CA-4914-BC01-134DAC515F14}.Alpha32 Release|Win32.ActiveCfg = Release|Win32
		{D143A0B8-97CA-4914-BC01-134DAC515F14}.Alpha32 Release|Win32.Build.0 = Release|Win32
		{D143A0B8-97CA-4914-BC01-134DAC515F14}.Alpha32 Release|x64.ActiveCfg = Template|Win32
		{D143A0B8-97CA-4914-BC01-134DAC515F14}.Alpha32 Release|x64.Build.0 = Template|Win32
		{D143A0B8-97CA-4914-BC01-134DAC515F14}.Alpha32 Release|x86.ActiveCfg = Release|Win32
		{D143A0B8-97CA-4914-BC01-134DAC515F14}.Alpha32 Release|x86.Build.0 = Release|Win32
		{D143A0B8-97CA-4914-BC01-134DAC515F14}.Debug|Any CPU.ActiveCfg = Debug|Win32
		{D143A0B8-97CA-4914-BC01-134DAC515F14}.Debug|Win32.ActiveCfg = Debug|Win32
		{D143A0B8-97CA-4914-BC01-134DAC515F14}.Debug|Win32.Build.0 = Debug|Win32
		{D143A0B8-97CA-4914-BC01-134DAC515F14}.Debug|x64.ActiveCfg = Debug|Win32
		{D143A0B8-97CA-4914-BC01-134DAC515F14}.Debug|x86.ActiveCfg = Debug|Win32
		{D143A0B8-97CA-4914-BC01-134DAC515F14}.Debug|x86.Build.0 = Debug|Win32
		{D143A0B8-97CA-4914-BC01-134DAC515F14}.Profile|Any CPU.ActiveCfg = Template|Win32
		{D143A0B8-97CA-4914-BC01-134DAC515F14}.Profile|Any CPU.Build.0 = Template|Win32
		{D143A0B8-97CA-4914-BC01-134DAC515F14}.Profile|Win32.ActiveCfg = Template|Win32
		{D143A0B8-97CA-4914-BC01-134DAC515F14}.Profile|Win32.Build.0 = Template|Win32
		{D143A0B8-97CA-4914-BC01-134DAC515F14}.Profile|x64.ActiveCfg = Template|Win32
		{D143A0B8-97CA-4914-BC01-134DAC515F14}.Profile|x64.Build.0 = Template|Win32
		{D143A0B8-97CA-4914-BC01-134DAC515F14}.Profile|x86.ActiveCfg = Template|Win32
		{D143A0B8-97CA-4914-BC01-134DAC515F14}.Profile|x86.Build.0 = Template|Win32
		{D143A0B8-97CA-4914-BC01-134DAC515F14}.Relase|Any CPU.ActiveCfg = Template|Win32
		{D143A0B8-97CA-4914-BC01-134DAC515F14}.Relase|Any CPU.Build.0 = Template|Win32
		{D143A0B8-97CA-4914-BC01-134DAC515F14}.Relase|Win32.ActiveCfg = Release|Win32
		{D143A0B8-97CA-4914-BC01-134DAC515F14}.Relase|Win32.Build.0 = Release|Win32
		{D143A0B8-97CA-4914-BC01-134DAC515F14}.Relase|x64.ActiveCfg = Template|Win32
		{D143A0B8-97CA-4914-BC01-134DAC515F14}.Relase|x64.Build.0 = Template|Win32
		{D143A0B8-97CA-4914-BC01-134DAC515F14}.Relase|x86.ActiveCfg = Release|Win32
		{D143A0B8-97CA-4914-BC01-134DAC515F14}.Relase|x86.Build.0 = Release|Win32
		{D143A0B8-97CA-4914-BC01-134DAC515F14}.Release|Any CPU.ActiveCfg = Release|Win32
		{D143A0B8-97CA-4914-BC01-134DAC515F14}.Release|Win32.ActiveCfg = Release|Win32
		{D143A0B8-97CA-4914-BC01-134DAC515F14}.Release|Win32.Build.0 = Release|Win32
		{D143A0B8-97CA-4914-BC01-134DAC515F14}.Release|x64.ActiveCfg = Release|Win32
		{D143A0B8-97CA-4914-BC01-134DAC515F14}.Release|x86.ActiveCfg = Release|Win32
		{D143A0B8-97CA-4914-BC01-134DAC515F14}.Release|x86.Build.0 = Release|Win32
		{D143A0B8-97CA-4914-BC01-134DAC515F14}.Template|Any CPU.ActiveCfg = Template|Win32
		{D143A0B8-97CA-4914-BC01-134DAC515F14}.Template|Win32.ActiveCfg = Template|Win32
		{D143A0B8-97CA-4914-BC01-134DAC515F14}.Template|Win32.Build.0 = Template|Win32
		{D143A0B8-97CA-4914-BC01-134DAC515F14}.Template|x64.ActiveCfg = Template|Win32
		{D143A0B8-97CA-4914-BC01-134DAC515F14}.Template|x86.ActiveCfg = Template|Win32
		{D143A0B8-97CA-4914-BC01-134DAC515F14}.Template|x86.Build.0 = Template|Win32
		{E4255C80-3F83-4287-A56E-68984805F11E}.Alpha32 Debug|Any CPU.ActiveCfg = Template|Win32
		{E4255C80-3F83-4287-A56E-68984805F11E}.Alpha32 Debug|Any CPU.Build.0 = Template|Win32
		{E4255C80-3F83-4287-A56E-68984805F11E}.Alpha32 Debug|Win32.ActiveCfg = Debug|Win32
		{E4255C80-3F83-4287-A56E-68984805F11E}.Alpha32 Debug|Win32.Build.0 = Debug|Win32
		{E4255C80-3F83-4287-A56E-68984805F11E}.Alpha32 Debug|x64.ActiveCfg = Template|Win32
		{E4255C80-3F83-4287-A56E-68984805F11E}.Alpha32 Debug|x64.Build.0 = Template|Win32
		{E4255C80-3F83-4287-A56E-68984805F11E}.Alpha32 Debug|x86.ActiveCfg = Debug|Win32
		{E4255C80-3F83-4287-A56E-68984805F11E}.Alpha32 Debug|x86.Build.0 = Debug|Win32
		{E4255C80-3F83-4287-A56E-68984805F11E}.Alpha32 Release|Any CPU.ActiveCfg = Template|Win32
		{E4255C80-3F83-4287-A56E-68984805F11E}.Alpha32 Release|Any CPU.Build.0 = Template|Win32
		{E4255C80-3F83-4287-A56E-68984805F11E}.Alpha32 Release|Win32.ActiveCfg = Release|Win32
		{E4255C80-3F83-4287-A56E-68984805F11E}.Alpha32 Release|Win32.Build.0 = Release|Win32
		{E4255C80-3F83-4287-A56E-68984805F11E}.Alpha32 Release|x64.ActiveCfg = Template|Win32
		{E4255C80-3F83-4287-A56E-68984805F11E}.Alpha32 Release|x64.Build.0 = Template|Win32
		{E4255C80-3F83-4287-A56E-68984805F11E}.Alpha32 Release|x86.ActiveCfg = Release|Win32
		{E4255C80-3F83-4287-A56E-68984805F11E}.Alpha32 Release|x86.Build.0 = Release|Win32
		{E4255C80-3F83-4287-A56E-68984805F11E}.Debug|Any CPU.ActiveCfg = Debug|Win32
		{E4255C80-3F83-4287-A56E-68984805F11E}.Debug|Win32.ActiveCfg = Debug|Win32
		{E4255C80-3F83-4287-A56E-68984805F11E}.Debug|Win32.Build.0 = Debug|Win32
		{E4255C80-3F83-4287-A56E-68984805F11E}.Debug|x64.ActiveCfg = Debug|Win32
		{E4255C80-3F83-4287-A56E-68984805F11E}.Debug|x86.ActiveCfg = Debug|Win32
		{E4255C80-3F83-4287-A56E-68984805F11E}.Debug|x86.Build.0 = Debug|Win32
		{E4255C80-3F83-4287-A56E-68984805F11E}.Profile|Any CPU.ActiveCfg = Template|Win32
		{E4255C80-3F83-4287-A56E-68984805F11E}.Profile|Any CPU.Build.0 = Template|Win32
		{E4255C80-3F83-4287-A56E-68984805F11E}.Profile|Win32.ActiveCfg = Template|Win32
		{E4255C80-3F83-4287-A56E-68984805F11E}.Profile|Win32.Build.0 = Template|Win32
		{E4255C80-3F83-4287-A56E-68984805F11E}.Profile|x64.ActiveCfg = Template|Win32
		{E4255C80-3F83-4287-A56E-68984805F11E}.Profile|x64.Build.0 = Template|Win32
		{E4255C80-3F83-4287-A56E-68984805F11E}.Profile|x86.ActiveCfg = Template|Win32
		{E4255C80-3F83-4287-A56E-68984805F11E}.Profile|x86.Build.0 = Template|Win32
		{E4255C80-3F83-4287-A56E-68984805F11E}.Relase|Any CPU.ActiveCfg = Template|Win32
		{E4255C80-3F83-4287-A56E-68984805F11E}.Relase|Any CPU.Build.0 = Template|Win32
		{E4255C80-3F83-4287-A56E-68984805F11E}.Relase|Win32.ActiveCfg = Release|Win32
		{E4255C80-3F83-4287-A56E-68984805F11E}.Relase|Win32.Build.0 = Release|Win32
		{E4255C80-3F83-4287-A56E-68984805F11E}.Relase|x64.ActiveCfg = Template|Win32
		{E4255C80-3F83-4287-A56E-68984805F11E}.Relase|x64.Build.0 = Template|Win32
		{E4255C80-3F83-4287-A56E-68984805F11E}.Relase|x86.ActiveCfg = Release|Win32
		{E4255C80-3F83-4287-A56E-68984805F11E}.Relase|x86.Build.0 = Release|Win32
		{E4255C80-3F83-4287-A56E-68984805F11E}.Release|Any CPU.ActiveCfg = Release|Win32
		{E4255C80-3F83-4287-A56E-68984805F11E}.Release|Win32.ActiveCfg = Release|Win32
		{E4255C80-3F83-4287-A56E-68984805F11E}.Release|Win32.Build.0 = Release|Win32
		{E4255C80-3F83-4287-A56E-68984805F11E}.Release|x64.ActiveCfg = Release|Win32
		{E4255C80-3F83-4287-A56E-68984805F11E}.Release|x86.ActiveCfg = Release|Win32
		{E4255C80-3F83-4287-A56E-68984805F11E}.Release|x86.Build.0 = Release|Win32
		{E4255C80-3F83-4287-A56E-68984805F11E}.Template|Any CPU.ActiveCfg = Template|Win32
		{E4255C80-3F83-4287-A56E-68984805F11E}.Template|Win32.ActiveCfg = Template|Win32
		{E4255C80-3F83-4287-A56E-68984805F11E}.Template|Win32.Build.0 = Template|Win32
		{E4255C80-3F83-4287-A56E-68984805F11E}.Template|x64.ActiveCfg = Template|Win32
		{E4255C80-3F83-4287-A56E-68984805F11E}.Template|x86.ActiveCfg = Template|Win32
		{E4255C80-3F83-4287-A56E-68984805F11E}.Template|x86.Build.0 = Template|Win32
		{4F20C86F-EDF4-4DF5-88AF-B5BB1F2640F6}.Alpha32 Debug|Any CPU.ActiveCfg = Template|Win32
		{4F20C86F-EDF4-4DF5-88AF-B5BB1F2640F6}.Alpha32 Debug|Any CPU.Build.0 = Template|Win32
		{4F20C86F-EDF4-4DF5-88AF-B5BB1F2640F6}.Alpha32 Debug|Win32.ActiveCfg = Debug|Win32
		{4F20C86F-EDF4-4DF5-88AF-B5BB1F2640F6}.Alpha32 Debug|Win32.Build.0 = Debug|Win32
		{4F20C86F-EDF4-4DF5-88AF-B5BB1F2640F6}.Alpha32 Debug|x64.ActiveCfg = Template|Win32
		{4F20C86F-EDF4-4DF5-88AF-B5BB1F2640F6}.Alpha32 Debug|x64.Build.0 = Template|Win32
		{4F20C86F-EDF4-4DF5-88AF-B5BB1F2640F6}.Alpha32 Debug|x86.ActiveCfg = Debug|Win32
		{4F20C86F-EDF4-4DF5-88AF-B5BB1F2640F6}.Alpha32 Debug|x86.Build.0 = Debug|Win32
		{4F20C86F-EDF4-4DF5-88AF-B5BB1F2640F6}.Alpha32 Release|Any CPU.ActiveCfg = Template|Win32
		{4F20C86F-EDF4-4DF5-88AF-B5BB1F2640F6}.Alpha32 Release|Any CPU.Build.0 = Template|Win32
		{4F20C86F-EDF4-4DF5-88AF-B5BB1F2640F6}.Alpha32 Release|Win32.ActiveCfg = Release|Win32
		{4F20C86F-EDF4-4DF5-88AF-B5BB1F2640F6}.Alpha32 Release|Win32.Build.0 = Release|Win32
		{4F20C86F-EDF4-4DF5-88AF-B5BB1F2640F6}.Alpha32 Release|x64.ActiveCfg = Template|Win32
		{4F20C86F-EDF4-4DF5-88AF-B5BB1F2640F6}.Alpha32 Release|x64.Build.0 = Template|Win32
		{4F20C86F-EDF4-4DF5-88AF-B5BB1F2640F6}.Alpha32 Release|x86.ActiveCfg = Release|Win32
		{4F20C86F-EDF4-4DF5-88AF-B5BB1F2640F6}.Alpha32 Release|x86.Build.0 = Release|Win32
		{4F20C86F-EDF4-4DF5-88AF-B5BB1F2640F6}.Debug|Any CPU.ActiveCfg = Debug|Win32
		{4F20C86F-EDF4-4DF5-88AF-B5BB1F2640F6}.Debug|Win32.ActiveCfg = Debug|Win32
		{4F20C86F-EDF4-4DF5-88AF-B5BB1F2640F6}.Debug|Win32.Build.0 = Debug|Win32
		{4F20C86F-EDF4-4DF5-88AF-B5BB1F2640F6}.Debug|x64.ActiveCfg = Debug|Win32
		{4F20C86F-EDF4-4DF5-88AF-B5BB1F2640F6}.Debug|x86.ActiveCfg = Debug|Win32
		{4F20C86F-EDF4-4DF5-88AF-B5BB1F2640F6}.Debug|x86.Build.0 = Debug|Win32
		{4F20C86F-EDF4-4DF5-88AF-B5BB1F2640F6}.Profile|Any CPU.ActiveCfg = Template|Win32
		{4F20C86F-EDF4-4DF5-88AF-B5BB1F2640F6}.Profile|Any CPU.Build.0 = Template|Win32
		{4F20C86F-EDF4-4DF5-88AF-B5BB1F2640F6}.Profile|Win32.ActiveCfg = Template|Win32
		{4F20C86F-EDF4-4DF5-88AF-B5BB1F2640F6}.Profile|Win32.Build.0 = Template|Win32
		{4F20C86F-EDF4-4DF5-88AF-B5BB1F2640F6}.Profile|x64.ActiveCfg = Template|Win32
		{4F20C86F-EDF4-4DF5-88AF-B5BB1F2640F6}.Profile|x64.Build.0 = Template|Win32
		{4F20C86F-EDF4-4DF5-88AF-B5BB1F2640F6}.Profile|x86.ActiveCfg = Template|Win32
		{4F20C86F-EDF4-4DF5-88AF-B5BB1F2640F6}.Profile|x86.Build.0 = Template|Win32
		{4F20C86F-EDF4-4DF5-88AF-B5BB1F2640F6}.Relase|Any CPU.ActiveCfg = Template|Win32
		{4F20C86F-EDF4-4DF5-88AF-B5BB1F2640F6}.Relase|Any CPU.Build.0 = Template|Win32
		{4F20C86F-EDF4-4DF5-88AF-B5BB1F2640F6}.Relase|Win32.ActiveCfg = Release|Win32
		{4F20C86F-EDF4-4DF5-88AF-B5BB1F2640F6}.Relase|Win32.Build.0 = Release|Win32
		{4F20C86F-EDF4-4DF5-88AF-B5BB1F2640F6}.Relase|x64.ActiveCfg = Template|Win32
		{4F20C86F-EDF4-4DF5-88AF-B5BB1F2640F6}.Relase|x64.Build.0 = Template|Win32
		{4F20C86F-EDF4-4DF5-88AF-B5BB1F2640F6}.Relase|x86.ActiveCfg = Release|Win32
		{4F20C86F-EDF4-4DF5-88AF-B5BB1F2640F6}.Relase|x86.Build.0 = Release|Win32
		{4F20C86F-EDF4-4DF5-88AF-B5BB1F2640F6}.Release|Any CPU.ActiveCfg = Release|Win32
		{4F20C86F-EDF4-4DF5-88AF-B5BB1F2640F6}.Release|Win32.ActiveCfg = Release|Win32
		{4F20C86F-EDF4-4DF5-88AF-B5BB1F2640F6}.Release|Win32.Build.0 = Release|Win32
		{4F20C86F-EDF4-4DF5-88AF-B5BB1F2640F6}.Release|x64.ActiveCfg = Release|Win32
		{4F20C86F-EDF4-4DF5-88AF-B5BB1F2640F6}.Release|x86.ActiveCfg = Release|Win32
		{4F20C86F-EDF4-4DF5-88AF-B5BB1F2640F6}.Release|x86.Build.0 = Release|Win32
		{4F20C86F-EDF4-4DF5-88AF-B5BB1F2640F6}.Template|Any CPU.ActiveCfg = Template|Win32
		{4F20C86F-EDF4-4DF5-88AF-B5BB1F2640F6}.Template|Win32.ActiveCfg = Template|Win32
		{4F20C86F-EDF4-4DF5-88AF-B5BB1F2640F6}.Template|Win32.Build.0 = Template|Win32
		{4F20C86F-EDF4-4DF5-88AF-B5BB1F2640F6}.Template|x64.ActiveCfg = Template|Win32
		{4F20C86F-EDF4-4DF5-88AF-B5BB1F2640F6}.Template|x86.ActiveCfg = Template|Win32
		{4F20C86F-EDF4-4DF5-88AF-B5BB1F2640F6}.Template|x86.Build.0 = Template|Win32
		{71D8B34F-B88E-4922-A738-0433A134423F}.Alpha32 Debug|Any CPU.ActiveCfg = Template|Win32
		{71D8B34F-B88E-4922-A738-0433A134423F}.Alpha32 Debug|Any CPU.Build.0 = Template|Win32
		{71D8B34F-B88E-4922-A738-0433A134423F}.Alpha32 Debug|Win32.ActiveCfg = Debug|Win32
		{71D8B34F-B88E-4922-A738-0433A134423F}.Alpha32 Debug|Win32.Build.0 = Debug|Win32
		{71D8B34F-B88E-4922-A738-0433A134423F}.Alpha32 Debug|x64.ActiveCfg = Template|Win32
		{71D8B34F-B88E-4922-A738-0433A134423F}.Alpha32 Debug|x64.Build.0 = Template|Win32
		{71D8B34F-B88E-4922-A738-0433A134423F}.Alpha32 Debug|x86.ActiveCfg = Debug|Win32
		{71D8B34F-B88E-4922-A738-0433A134423F}.Alpha32 Debug|x86.Build.0 = Debug|Win32
		{71D8B34F-B88E-4922-A738-0433A134423F}.Alpha32 Release|Any CPU.ActiveCfg = Template|Win32
		{71D8B34F-B88E-4922-A738-0433A134423F}.Alpha32 Release|Any CPU.Build.0 = Template|Win32
		{71D8B34F-B88E-4922-A738-0433A134423F}.Alpha32 Release|Win32.ActiveCfg = Release|Win32
		{71D8B34F-B88E-4922-A738-0433A134423F}.Alpha32 Release|Win32.Build.0 = Release|Win32
		{71D8B34F-B88E-4922-A738-0433A134423F}.Alpha32 Release|x64.ActiveCfg = Template|Win32
		{71D8B34F-B88E-4922-A738-0433A134423F}.Alpha32 Release|x64.Build.0 = Template|Win32
		{71D8B34F-B88E-4922-A738-0433A134423F}.Alpha32 Release|x86.ActiveCfg = Release|Win32
		{71D8B34F-B88E-4922-A738-0433A134423F}.Alpha32 Release|x86.Build.0 = Release|Win32
		{71D8B34F-B88E-4922-A738-0433A134423F}.Debug|Any CPU.ActiveCfg = Debug|Win32
		{71D8B34F-B88E-4922-A738-0433A134423F}.Debug|Win32.ActiveCfg = Debug|Win32
		{71D8B34F-B88E-4922-A738-0433A134423F}.Debug|Win32.Build.0 = Debug|Win32
		{71D8B34F-B88E-4922-A738-0433A134423F}.Debug|x64.ActiveCfg = Debug|Win32
		{71D8B34F-B88E-4922-A738-0433A134423F}.Debug|x86.ActiveCfg = Debug|Win32
		{71D8B34F-B88E-4922-A738-0433A134423F}.Debug|x86.Build.0 = Debug|Win32
		{71D8B34F-B88E-4922-A738-0433A134423F}.Profile|Any CPU.ActiveCfg = Template|Win32
		{71D8B34F-B88E-4922-A738-0433A134423F}.Profile|Any CPU.Build.0 = Template|Win32
		{71D8B34F-B88E-4922-A738-0433A134423F}.Profile|Win32.ActiveCfg = Template|Win32
		{71D8B34F-B88E-4922-A738-0433A134423F}.Profile|Win32.Build.0 = Template|Win32
		{71D8B34F-B88E-4922-A738-0433A134423F}.Profile|x64.ActiveCfg = Template|Win32
		{71D8B34F-B88E-4922-A738-0433A134423F}.Profile|x64.Build.0 = Template|Win32
		{71D8B34F-B88E-4922-A738-0433A134423F}.Profile|x86.ActiveCfg = Template|Win32
		{71D8B34F-B88E-4922-A738-0433A134423F}.Profile|x86.Build.0 = Template|Win32
		{71D8B34F-B88E-4922-A738-0433A134423F}.Relase|Any CPU.ActiveCfg = Template|Win32
		{71D8B34F-B88E-4922-A738-0433A134423F}.Relase|Any CPU.Build.0 = Template|Win32
		{71D8B34F-B88E-4922-A738-0433A134423F}.Relase|Win32.ActiveCfg = Release|Win32
		{71D8B34F-B88E-4922-A738-0433A134423F}.Relase|Win32.Build.0 = Release|Win32
		{71D8B34F-B88E-4922-A738-0433A134423F}.Relase|x64.ActiveCfg = Template|Win32
		{71D8B34F-B88E-4922-A738-0433A134423F}.Relase|x64.Build.0 = Template|Win32
		{71D8B34F-B88E-4922-A738-0433A134423F}.Relase|x86.ActiveCfg = Release|Win32
		{71D8B34F-B88E-4922-A738-0433A134423F}.Relase|x86.Build.0 = Release|Win32
		{71D8B34F-B88E-4922-A738-0433A134423F}.Release|Any CPU.ActiveCfg = Release|Win32
		{71D8B34F-B88E-4922-A738-0433A134423F}.Release|Win32.ActiveCfg = Release|Win32
		{71D8B34F-B88E-4922-A738-0433A134423F}.Release|Win32.Build.0 = Release|Win32
		{71D8B34F-B88E-4922-A738-0433A134423F}.Release|x64.ActiveCfg = Release|Win32
		{71D8B34F-B88E-4922-A738-0433A134423F}.Release|x86.ActiveCfg = Release|Win32
		{71D8B34F-B88E-4922-A738-0433A134423F}.Release|x86.Build.0 = Release|Win32
		{71D8B34F-B88E-4922-A738-0433A134423F}.Template|Any CPU.ActiveCfg = Template|Win32
		{71D8B34F-B88E-4922-A738-0433A134423F}.Template|Win32.ActiveCfg = Template|Win32
		{71D8B34F-B88E-4922-A738-0433A134423F}.Template|Win32.Build.0 = Template|Win32
		{71D8B34F-B88E-4922-A738-0433A134423F}.Template|x64.ActiveCfg = Template|Win32
		{71D8B34F-B88E-4922-A738-0433A134423F}.Template|x86.ActiveCfg = Template|Win32
		{71D8B34F-B88E-4922-A738-0433A134423F}.Template|x86.Build.0 = Template|Win32
		{B7A0AB47-46AB-4686-85CF-5988709B8FED}.Alpha32 Debug|Any CPU.ActiveCfg = Template|Win32
		{B7A0AB47-46AB-4686-85CF-5988709B8FED}.Alpha32 Debug|Any CPU.Build.0 = Template|Win32
		{B7A0AB47-46AB-4686-85CF-5988709B8FED}.Alpha32 Debug|Win32.ActiveCfg = Debug|Win32
		{B7A0AB47-46AB-4686-85CF-5988709B8FED}.Alpha32 Debug|Win32.Build.0 = Debug|Win32
		{B7A0AB47-46AB-4686-85CF-5988709B8FED}.Alpha32 Debug|x64.ActiveCfg = Template|Win32
		{B7A0AB47-46AB-4686-85CF-5988709B8FED}.Alpha32 Debug|x64.Build.0 = Template|Win32
		{B7A0AB47-46AB-4686-85CF-5988709B8FED}.Alpha32 Debug|x86.ActiveCfg = Debug|Win32
		{B7A0AB47-46AB-4686-85CF-5988709B8FED}.Alpha32 Debug|x86.Build.0 = Debug|Win32
		{B7A0AB47-46AB-4686-85CF-5988709B8FED}.Alpha32 Release|Any CPU.ActiveCfg = Template|Win32
		{B7A0AB47-46AB-4686-85CF-5988709B8FED}.Alpha32 Release|Any CPU.Build.0 = Template|Win32
		{B7A0AB47-46AB-4686-85CF-5988709B8FED}.Alpha32 Release|Win32.ActiveCfg = Release|Win32
		{B7A0AB47-46AB-4686-85CF-5988709B8FED}.Alpha32 Release|Win32.Build.0 = Release|Win32
		{B7A0AB47-46AB-4686-85CF-5988709B8FED}.Alpha32 Release|x64.ActiveCfg = Template|Win32
		{B7A0AB47-46AB-4686-85CF-5988709B8FED}.Alpha32 Release|x64.Build.0 = Template|Win32
		{B7A0AB47-46AB-4686-85CF-5988709B8FED}.Alpha32 Release|x86.ActiveCfg = Release|Win32
		{B7A0AB47-46AB-4686-85CF-5988709B8FED}.Alpha32 Release|x86.Build.0 = Release|Win32
		{B7A0AB47-46AB-4686-85CF-5988709B8FED}.Debug|Any CPU.ActiveCfg = Debug|Win32
		{B7A0AB47-46AB-4686-85CF-5988709B8FED}.Debug|Win32.ActiveCfg = Debug|Win32
		{B7A0AB47-46AB-4686-85CF-5988709B8FED}.Debug|Win32.Build.0 = Debug|Win32
		{B7A0AB47-46AB-4686-85CF-5988709B8FED}.Debug|x64.ActiveCfg = Debug|Win32
		{B7A0AB47-46AB-4686-85CF-5988709B8FED}.Debug|x86.ActiveCfg = Debug|Win32
		{B7A0AB47-46AB-4686-85CF-5988709B8FED}.Debug|x86.Build.0 = Debug|Win32
		{B7A0AB47-46AB-4686-85CF-5988709B8FED}.Profile|Any CPU.ActiveCfg = Template|Win32
		{B7A0AB47-46AB-4686-85CF-5988709B8FED}.Profile|Any CPU.Build.0 = Template|Win32
		{B7A0AB47-46AB-4686-85CF-5988709B8FED}.Profile|Win32.ActiveCfg = Template|Win32
		{B7A0AB47-46AB-4686-85CF-5988709B8FED}.Profile|Win32.Build.0 = Template|Win32
		{B7A0AB47-46AB-4686-85CF-5988709B8FED}.Profile|x64.ActiveCfg = Template|Win32
		{B7A0AB47-46AB-4686-85CF-5988709B8FED}.Profile|x64.Build.0 = Template|Win32
		{B7A0AB47-46AB-4686-85CF-5988709B8FED}.Profile|x86.ActiveCfg = Template|Win32
		{B7A0AB47-46AB-4686-85CF-5988709B8FED}.Profile|x86.Build.0 = Template|Win32
		{B7A0AB47-46AB-4686-85CF-5988709B8FED}.Relase|Any CPU.ActiveCfg = Template|Win32
		{B7A0AB47-46AB-4686-85CF-5988709B8FED}.Relase|Any CPU.Build.0 = Template|Win32
		{B7A0AB47-46AB-4686-85CF-5988709B8FED}.Relase|Win32.ActiveCfg = Release|Win32
		{B7A0AB47-46AB-4686-85CF-5988709B8FED}.Relase|Win32.Build.0 = Release|Win32
		{B7A0AB47-46AB-4686-85CF-5988709B8FED}.Relase|x64.ActiveCfg = Template|Win32
		{B7A0AB47-46AB-4686-85CF-5988709B8FED}.Relase|x64.Build.0 = Template|Win32
		{B7A0AB47-46AB-4686-85CF-5988709B8FED}.Relase|x86.ActiveCfg = Release|Win32
		{B7A0AB47-46AB-4686-85CF-5988709B8FED}.Relase|x86.Build.0 = Release|Win32
		{B7A0AB47-46AB-4686-85CF-5988709B8FED}.Release|Any CPU.ActiveCfg = Release|Win32
		{B7A0AB47-46AB-4686-85CF-5988709B8FED}.Release|Win32.ActiveCfg = Release|Win32
		{B7A0AB47-46AB-4686-85CF-5988709B8FED}.Release|Win32.Build.0 = Release|Win32
		{B7A0AB47-46AB-4686-85CF-5988709B8FED}.Release|x64.ActiveCfg = Release|Win32
		{B7A0AB47-46AB-4686-85CF-5988709B8FED}.Release|x86.ActiveCfg = Release|Win32
		{B7A0AB47-46AB-4686-85CF-5988709B8FED}.Release|x86.Build.0 = Release|Win32
		{B7A0AB47-46AB-4686-85CF-5988709B8FED}.Template|Any CPU.ActiveCfg = Template|Win32
		{B7A0AB47-46AB-4686-85CF-5988709B8FED}.Template|Win32.ActiveCfg = Template|Win32
		{B7A0AB47-46AB-4686-85CF-5988709B8FED}.Template|Win32.Build.0 = Template|Win32
		{B7A0AB47-46AB-4686-85CF-5988709B8FED}.Template|x64.ActiveCfg = Template|Win32
		{B7A0AB47-46AB-4686-85CF-5988709B8FED}.Template|x86.ActiveCfg = Template|Win32
		{B7A0AB47-46AB-4686-85CF-5988709B8FED}.Template|x86.Build.0 = Template|Win32
		{BB9F5AD9-F694-40A4-8AC6-F4A8725AD2D1}.Alpha32 Debug|Any CPU.ActiveCfg = Template|Win32
		{BB9F5AD9-F694-40A4-8AC6-F4A8725AD2D1}.Alpha32 Debug|Any CPU.Build.0 = Template|Win32
		{BB9F5AD9-F694-40A4-8AC6-F4A8725AD2D1}.Alpha32 Debug|Win32.ActiveCfg = Debug|Win32
		{BB9F5AD9-F694-40A4-8AC6-F4A8725AD2D1}.Alpha32 Debug|Win32.Build.0 = Debug|Win32
		{BB9F5AD9-F694-40A4-8AC6-F4A8725AD2D1}.Alpha32 Debug|x64.ActiveCfg = Template|Win32
		{BB9F5AD9-F694-40A4-8AC6-F4A8725AD2D1}.Alpha32 Debug|x64.Build.0 = Template|Win32
		{BB9F5AD9-F694-40A4-8AC6-F4A8725AD2D1}.Alpha32 Debug|x86.ActiveCfg = Debug|Win32
		{BB9F5AD9-F694-40A4-8AC6-F4A8725AD2D1}.Alpha32 Debug|x86.Build.0 = Debug|Win32
		{BB9F5AD9-F694-40A4-8AC6-F4A8725AD2D1}.Alpha32 Release|Any CPU.ActiveCfg = Template|Win32
		{BB9F5AD9-F694-40A4-8AC6-F4A8725AD2D1}.Alpha32 Release|Any CPU.Build.0 = Template|Win32
		{BB9F5AD9-F694-40A4-8AC6-F4A8725AD2D1}.Alpha32 Release|Win32.ActiveCfg = Release|Win32
		{BB9F5AD9-F694-40A4-8AC6-F4A8725AD2D1}.Alpha32 Release|Win32.Build.0 = Release|Win32
		{BB9F5AD9-F694-40A4-8AC6-F4A8725AD2D1}.Alpha32 Release|x64.ActiveCfg = Template|Win32
		{BB9F5AD9-F694-40A4-8AC6-F4A8725AD2D1}.Alpha32 Release|x64.Build.0 = Template|Win32
		{BB9F5AD9-F694-40A4-8AC6-F4A8725AD2D1}.Alpha32 Release|x86.ActiveCfg = Release|Win32
		{BB9F5AD9-F694-40A4-8AC6-F4A8725AD2D1}.Alpha32 Release|x86.Build.0 = Release|Win32
		{BB9F5AD9-F694-40A4-8AC6-F4A8725AD2D1}.Debug|Any CPU.ActiveCfg = Debug|Win32
		{BB9F5AD9-F694-40A4-8AC6-F4A8725AD2D1}.Debug|Win32.ActiveCfg = Debug|Win32
		{BB9F5AD9-F694-40A4-8AC6-F4A8725AD2D1}.Debug|Win32.Build.0 = Debug|Win32
		{BB9F5AD9-F694-40A4-8AC6-F4A8725AD2D1}.Debug|x64.ActiveCfg = Debug|Win32
		{BB9F5AD9-F694-40A4-8AC6-F4A8725AD2D1}.Debug|x86.ActiveCfg = Debug|Win32
		{BB9F5AD9-F694-40A4-8AC6-F4A8725AD2D1}.Debug|x86.Build.0 = Debug|Win32
		{BB9F5AD9-F694-40A4-8AC6-F4A8725AD2D1}.Profile|Any CPU.ActiveCfg = Template|Win32
		{BB9F5AD9-F694-40A4-8AC6-F4A8725AD2D1}.Profile|Any CPU.Build.0 = Template|Win32
		{BB9F5AD9-F694-40A4-8AC6-F4A8725AD2D1}.Profile|Win32.ActiveCfg = Template|Win32
		{BB9F5AD9-F694-40A4-8AC6-F4A8725AD2D1}.Profile|Win32.Build.0 = Template|Win32
		{BB9F5AD9-F694-40A4-8AC6-F4A8725AD2D1}.Profile|x64.ActiveCfg = Template|Win32
		{BB9F5AD9-F694-40A4-8AC6-F4A8725AD2D1}.Profile|x64.Build.0 = Template|Win32
		{BB9F5AD9-F694-40A4-8AC6-F4A8725AD2D1}.Profile|x86.ActiveCfg = Template|Win32
		{BB9F5AD9-F694-40A4-8AC6-F4A8725AD2D1}.Profile|x86.Build.0 = Template|Win32
		{BB9F5AD9-F694-40A4-8AC6-F4A8725AD2D1}.Relase|Any CPU.ActiveCfg = Template|Win32
		{BB9F5AD9-F694-40A4-8AC6-F4A8725AD2D1}.Relase|Any CPU.Build.0 = Template|Win32
		{BB9F5AD9-F694-40A4-8AC6-F4A8725AD2D1}.Relase|Win32.ActiveCfg = Release|Win32
		{BB9F5AD9-F694-40A4-8AC6-F4A8725AD2D1}.Relase|Win32.Build.0 = Release|Win32
		{BB9F5AD9-F694-40A4-8AC6-F4A8725AD2D1}.Relase|x64.ActiveCfg = Template|Win32
		{BB9F5AD9-F694-40A4-8AC6-F4A8725AD2D1}.Relase|x64.Build.0 = Template|Win32
		{BB9F5AD9-F694-40A4-8AC6-F4A8725AD2D1}.Relase|x86.ActiveCfg = Release|Win32
		{BB9F5AD9-F694-40A4-8AC6-F4A8725AD2D1}.Relase|x86.Build.0 = Release|Win32
		{BB9F5AD9-F694-40A4-8AC6-F4A8725AD2D1}.Release|Any CPU.ActiveCfg = Release|Win32
		{BB9F5AD9-F694-40A4-8AC6-F4A8725AD2D1}.Release|Win32.ActiveCfg = Release|Win32
		{BB9F5AD9-F694-40A4-8AC6-F4A8725AD2D1}.Release|Win32.Build.0 = Release|Win32
		{BB9F5AD9-F694-40A4-8AC6-F4A8725AD2D1}.Release|x64.ActiveCfg = Release|Win32
		{BB9F5AD9-F694-40A4-8AC6-F4A8725AD2D1}.Release|x86.ActiveCfg = Release|Win32
		{BB9F5AD9-F694-40A4-8AC6-F4A8725AD2D1}.Release|x86.Build.0 = Release|Win32
		{BB9F5AD9-F694-40A4-8AC6-F4A8725AD2D1}.Template|Any CPU.ActiveCfg = Template|Win32
		{BB9F5AD9-F694-40A4-8AC6-F4A8725AD2D1}.Template|Win32.ActiveCfg = Template|Win32
		{BB9F5AD9-F694-40A4-8AC6-F4A8725AD2D1}.Template|Win32.Build.0 = Template|Win32
		{BB9F5AD9-F694-40A4-8AC6-F4A8725AD2D1}.Template|x64.ActiveCfg = Template|Win32
		{BB9F5AD9-F694-40A4-8AC6-F4A8725AD2D1}.Template|x86.ActiveCfg = Template|Win32
		{BB9F5AD9-F694-40A4-8AC6-F4A8725AD2D1}.Template|x86.Build.0 = Template|Win32
		{9CA5832A-AA88-420A-B749-21AB0052FE52}.Alpha32 Debug|Any CPU.ActiveCfg = Template|Win32
		{9CA5832A-AA88-420A-B749-21AB0052FE52}.Alpha32 Debug|Any CPU.Build.0 = Template|Win32
		{9CA5832A-AA88-420A-B749-21AB0052FE52}.Alpha32 Debug|Win32.ActiveCfg = Debug|Win32
		{9CA5832A-AA88-420A-B749-21AB0052FE52}.Alpha32 Debug|Win32.Build.0 = Debug|Win32
		{9CA5832A-AA88-420A-B749-21AB0052FE52}.Alpha32 Debug|x64.ActiveCfg = Template|Win32
		{9CA5832A-AA88-420A-B749-21AB0052FE52}.Alpha32 Debug|x64.Build.0 = Template|Win32
		{9CA5832A-AA88-420A-B749-21AB0052FE52}.Alpha32 Debug|x86.ActiveCfg = Debug|Win32
		{9CA5832A-AA88-420A-B749-21AB0052FE52}.Alpha32 Debug|x86.Build.0 = Debug|Win32
		{9CA5832A-AA88-420A-B749-21AB0052FE52}.Alpha32 Release|Any CPU.ActiveCfg = Template|Win32
		{9CA5832A-AA88-420A-B749-21AB0052FE52}.Alpha32 Release|Any CPU.Build.0 = Template|Win32
		{9CA5832A-AA88-420A-B749-21AB0052FE52}.Alpha32 Release|Win32.ActiveCfg = Release|Win32
		{9CA5832A-AA88-420A-B749-21AB0052FE52}.Alpha32 Release|Win32.Build.0 = Release|Win32
		{9CA5832A-AA88-420A-B749-21AB0052FE52}.Alpha32 Release|x64.ActiveCfg = Template|Win32
		{9CA5832A-AA88-420A-B749-21AB0052FE52}.Alpha32 Release|x64.Build.0 = Template|Win32
		{9CA5832A-AA88-420A-B749-21AB0052FE52}.Alpha32 Release|x86.ActiveCfg = Release|Win32
		{9CA5832A-AA88-420A-B749-21AB0052FE52}.Alpha32 Release|x86.Build.0 = Release|Win32
		{9CA5832A-AA88-420A-B749-21AB0052FE52}.Debug|Any CPU.ActiveCfg = Debug|Win32
		{9CA5832A-AA88-420A-B749-21AB0052FE52}.Debug|Win32.ActiveCfg = Debug|Win32
		{9CA5832A-AA88-420A-B749-21AB0052FE52}.Debug|Win32.Build.0 = Debug|Win32
		{9CA5832A-AA88-420A-B749-21AB0052FE52}.Debug|x64.ActiveCfg = Debug|Win32
		{9CA5832A-AA88-420A-B749-21AB0052FE52}.Debug|x86.ActiveCfg = Debug|Win32
		{9CA5832A-AA88-420A-B749-21AB0052FE52}.Debug|x86.Build.0 = Debug|Win32
		{9CA5832A-AA88-420A-B749-21AB0052FE52}.Profile|Any CPU.ActiveCfg = Template|Win32
		{9CA5832A-AA88-420A-B749-21AB0052FE52}.Profile|Any CPU.Build.0 = Template|Win32
		{9CA5832A-AA88-420A-B749-21AB0052FE52}.Profile|Win32.ActiveCfg = Template|Win32
		{9CA5832A-AA88-420A-B749-21AB0052FE52}.Profile|Win32.Build.0 = Template|Win32
		{9CA5832A-AA88-420A-B749-21AB0052FE52}.Profile|x64.ActiveCfg = Template|Win32
		{9CA5832A-AA88-420A-B749-21AB0052FE52}.Profile|x64.Build.0 = Template|Win32
		{9CA5832A-AA88-420A-B749-21AB0052FE52}.Profile|x86.ActiveCfg = Template|Win32
		{9CA5832A-AA88-420A-B749-21AB0052FE52}.Profile|x86.Build.0 = Template|Win32
		{9CA5832A-AA88-420A-B749-21AB0052FE52}.Relase|Any CPU.ActiveCfg = Template|Win32
		{9CA5832A-AA88-420A-B749-21AB0052FE52}.Relase|Any CPU.Build.0 = Template|Win32
		{9CA5832A-AA88-420A-B749-21AB0052FE52}.Relase|Win32.ActiveCfg = Release|Win32
		{9CA5832A-AA88-420A-B749-21AB0052FE52}.Relase|Win32.Build.0 = Release|Win32
		{9CA5832A-AA88-420A-B749-21AB0052FE52}.Relase|x64.ActiveCfg = Template|Win32
		{9CA5832A-AA88-420A-B749-21AB0052FE52}.Relase|x64.Build.0 = Template|Win32
		{9CA5832A-AA88-420A-B749-21AB0052FE52}.Relase|x86.ActiveCfg = Release|Win32
		{9CA5832A-AA88-420A-B749-21AB0052FE52}.Relase|x86.Build.0 = Release|Win32
		{9CA5832A-AA88-420A-B749-21AB0052FE52}.Release|Any CPU.ActiveCfg = Release|Win32
		{9CA5832A-AA88-420A-B749-21AB0052FE52}.Release|Win32.ActiveCfg = Release|Win32
		{9CA5832A-AA88-420A-B749-21AB0052FE52}.Release|Win32.Build.0 = Release|Win32
		{9CA5832A-AA88-420A-B749-21AB0052FE52}.Release|x64.ActiveCfg = Release|Win32
		{9CA5832A-AA88-420A-B749-21AB0052FE52}.Release|x86.ActiveCfg = Release|Win32
		{9CA5832A-AA88-420A-B749-21AB0052FE52}.Release|x86.Build.0 = Release|Win32
		{9CA5832A-AA88-420A-B749-21AB0052FE52}.Template|Any CPU.ActiveCfg = Template|Win32
		{9CA5832A-AA88-420A-B749-21AB0052FE52}.Template|Win32.ActiveCfg = Template|Win32
		{9CA5832A-AA88-420A-B749-21AB0052FE52}.Template|Win32.Build.0 = Template|Win32
		{9CA5832A-AA88-420A-B749-21AB0052FE52}.Template|x64.ActiveCfg = Template|Win32
		{9CA5832A-AA88-420A-B749-21AB0052FE52}.Template|x86.ActiveCfg = Template|Win32
		{9CA5832A-AA88-420A-B749-21AB0052FE52}.Template|x86.Build.0 = Template|Win32
		{5322B464-9DE8-48AA-95F6-CD3881AF6FAE}.Alpha32 Debug|Any CPU.ActiveCfg = Template|Win32
		{5322B464-9DE8-48AA-95F6-CD3881AF6FAE}.Alpha32 Debug|Any CPU.Build.0 = Template|Win32
		{5322B464-9DE8-48AA-95F6-CD3881AF6FAE}.Alpha32 Debug|Win32.ActiveCfg = Debug|Win32
		{5322B464-9DE8-48AA-95F6-CD3881AF6FAE}.Alpha32 Debug|Win32.Build.0 = Debug|Win32
		{5322B464-9DE8-48AA-95F6-CD3881AF6FAE}.Alpha32 Debug|x64.ActiveCfg = Template|Win32
		{5322B464-9DE8-48AA-95F6-CD3881AF6FAE}.Alpha32 Debug|x64.Build.0 = Template|Win32
		{5322B464-9DE8-48AA-95F6-CD3881AF6FAE}.Alpha32 Debug|x86.ActiveCfg = Debug|Win32
		{5322B464-9DE8-48AA-95F6-CD3881AF6FAE}.Alpha32 Debug|x86.Build.0 = Debug|Win32
		{5322B464-9DE8-48AA-95F6-CD3881AF6FAE}.Alpha32 Release|Any CPU.ActiveCfg = Template|Win32
		{5322B464-9DE8-48AA-95F6-CD3881AF6FAE}.Alpha32 Release|Any CPU.Build.0 = Template|Win32
		{5322B464-9DE8-48AA-95F6-CD3881AF6FAE}.Alpha32 Release|Win32.ActiveCfg = Release|Win32
		{5322B464-9DE8-48AA-95F6-CD3881AF6FAE}.Alpha32 Release|Win32.Build.0 = Release|Win32
		{5322B464-9DE8-48AA-95F6-CD3881AF6FAE}.Alpha32 Release|x64.ActiveCfg = Template|Win32
		{5322B464-9DE8-48AA-95F6-CD3881AF6FAE}.Alpha32 Release|x64.Build.0 = Template|Win32
		{5322B464-9DE8-48AA-95F6-CD3881AF6FAE}.Alpha32 Release|x86.ActiveCfg = Release|Win32
		{5322B464-9DE8-48AA-95F6-CD3881AF6FAE}.Alpha32 Release|x86.Build.0 = Release|Win32
		{5322B464-9DE8-48AA-95F6-CD3881AF6FAE}.Debug|Any CPU.ActiveCfg = Debug|Win32
		{5322B464-9DE8-48AA-95F6-CD3881AF6FAE}.Debug|Win32.ActiveCfg = Debug|Win32
		{5322B464-9DE8-48AA-95F6-CD3881AF6FAE}.Debug|Win32.Build.0 = Debug|Win32
		{5322B464-9DE8-48AA-95F6-CD3881AF6FAE}.Debug|x64.ActiveCfg = Debug|Win32
		{5322B464-9DE8-48AA-95F6-CD3881AF6FAE}.Debug|x86.ActiveCfg = Debug|Win32
		{5322B464-9DE8-48AA-95F6-CD3881AF6FAE}.Debug|x86.Build.0 = Debug|Win32
		{5322B464-9DE8-48AA-95F6-CD3881AF6FAE}.Profile|Any CPU.ActiveCfg = Template|Win32
		{5322B464-9DE8-48AA-95F6-CD3881AF6FAE}.Profile|Any CPU.Build.0 = Template|Win32
		{5322B464-9DE8-48AA-95F6-CD3881AF6FAE}.Profile|Win32.ActiveCfg = Template|Win32
		{5322B464-9DE8-48AA-95F6-CD3881AF6FAE}.Profile|Win32.Build.0 = Template|Win32
		{5322B464-9DE8-48AA-95F6-CD3881AF6FAE}.Profile|x64.ActiveCfg = Template|Win32
		{5322B464-9DE8-48AA-95F6-CD3881AF6FAE}.Profile|x64.Build.0 = Template|Win32
		{5322B464-9DE8-48AA-95F6-CD3881AF6FAE}.Profile|x86.ActiveCfg = Template|Win32
		{5322B464-9DE8-48AA-95F6-CD3881AF6FAE}.Profile|x86.Build.0 = Template|Win32
		{5322B464-9DE8-48AA-95F6-CD3881AF6FAE}.Relase|Any CPU.ActiveCfg = Template|Win32
		{5322B464-9DE8-48AA-95F6-CD3881AF6FAE}.Relase|Any CPU.Build.0 = Template|Win32
		{5322B464-9DE8-48AA-95F6-CD3881AF6FAE}.Relase|Win32.ActiveCfg = Release|Win32
		{5322B464-9DE8-48AA-95F6-CD3881AF6FAE}.Relase|Win32.Build.0 = Release|Win32
		{5322B464-9DE8-48AA-95F6-CD3881AF6FAE}.Relase|x64.ActiveCfg = Template|Win32
		{5322B464-9DE8-48AA-95F6-CD3881AF6FAE}.Relase|x64.Build.0 = Template|Win32
		{5322B464-9DE8-48AA-95F6-CD3881AF6FAE}.Relase|x86.ActiveCfg = Release|Win32
		{5322B464-9DE8-48AA-95F6-CD3881AF6FAE}.Relase|x86.Build.0 = Release|Win32
		{5322B464-9DE8-48AA-95F6-CD3881AF6FAE}.Release|Any CPU.ActiveCfg = Release|Win32
		{5322B464-9DE8-48AA-95F6-CD3881AF6FAE}.Release|Win32.ActiveCfg = Release|Win32
		{5322B464-9DE8-48AA-95F6-CD3881AF6FAE}.Release|Win32.Build.0 = Release|Win32
		{5322B464-9DE8-48AA-95F6-CD3881AF6FAE}.Release|x64.ActiveCfg = Release|Win32
		{5322B464-9DE8-48AA-95F6-CD3881AF6FAE}.Release|x86.ActiveCfg = Release|Win32
		{5322B464-9DE8-48AA-95F6-CD3881AF6FAE}.Release|x86.Build.0 = Release|Win32
		{5322B464-9DE8-48AA-95F6-CD3881AF6FAE}.Template|Any CPU.ActiveCfg = Template|Win32
		{5322B464-9DE8-48AA-95F6-CD3881AF6FAE}.Template|Win32.ActiveCfg = Template|Win32
		{5322B464-9DE8-48AA-95F6-CD3881AF6FAE}.Template|Win32.Build.0 = Template|Win32
		{5322B464-9DE8-48AA-95F6-CD3881AF6FAE}.Template|x64.ActiveCfg = Template|Win32
		{5322B464-9DE8-48AA-95F6-CD3881AF6FAE}.Template|x86.ActiveCfg = Template|Win32
		{5322B464-9DE8-48AA-95F6-CD3881AF6FAE}.Template|x86.Build.0 = Template|Win32
		{B8551349-8B72-4C90-B890-0335862966C0}.Alpha32 Debug|Any CPU.ActiveCfg = Template|Win32
		{B8551349-8B72-4C90-B890-0335862966C0}.Alpha32 Debug|Any CPU.Build.0 = Template|Win32
		{B8551349-8B72-4C90-B890-0335862966C0}.Alpha32 Debug|Win32.ActiveCfg = Debug|Win32
		{B8551349-8B72-4C90-B890-0335862966C0}.Alpha32 Debug|Win32.Build.0 = Debug|Win32
		{B8551349-8B72-4C90-B890-0335862966C0}.Alpha32 Debug|x64.ActiveCfg = Template|Win32
		{B8551349-8B72-4C90-B890-0335862966C0}.Alpha32 Debug|x64.Build.0 = Template|Win32
		{B8551349-8B72-4C90-B890-0335862966C0}.Alpha32 Debug|x86.ActiveCfg = Debug|Win32
		{B8551349-8B72-4C90-B890-0335862966C0}.Alpha32 Debug|x86.Build.0 = Debug|Win32
		{B8551349-8B72-4C90-B890-0335862966C0}.Alpha32 Release|Any CPU.ActiveCfg = Template|Win32
		{B8551349-8B72-4C90-B890-0335862966C0}.Alpha32 Release|Any CPU.Build.0 = Template|Win32
		{B8551349-8B72-4C90-B890-0335862966C0}.Alpha32 Release|Win32.ActiveCfg = Release|Win32
		{B8551349-8B72-4C90-B890-0335862966C0}.Alpha32 Release|Win32.Build.0 = Release|Win32
		{B8551349-8B72-4C90-B890-0335862966C0}.Alpha32 Release|x64.ActiveCfg = Template|Win32
		{B8551349-8B72-4C90-B890-0335862966C0}.Alpha32 Release|x64.Build.0 = Template|Win32
		{B8551349-8B72-4C90-B890-0335862966C0}.Alpha32 Release|x86.ActiveCfg = Release|Win32
		{B8551349-8B72-4C90-B890-0335862966C0}.Alpha32 Release|x86.Build.0 = Release|Win32
		{B8551349-8B72-4C90-B890-0335862966C0}.Debug|Any CPU.ActiveCfg = Debug|Win32
		{B8551349-8B72-4C90-B890-0335862966C0}.Debug|Win32.ActiveCfg = Debug|Win32
		{B8551349-8B72-4C90-B890-0335862966C0}.Debug|Win32.Build.0 = Debug|Win32
		{B8551349-8B72-4C90-B890-0335862966C0}.Debug|x64.ActiveCfg = Debug|Win32
		{B8551349-8B72-4C90-B890-0335862966C0}.Debug|x86.ActiveCfg = Debug|Win32
		{B8551349-8B72-4C90-B890-0335862966C0}.Debug|x86.Build.0 = Debug|Win32
		{B8551349-8B72-4C90-B890-0335862966C0}.Profile|Any CPU.ActiveCfg = Template|Win32
		{B8551349-8B72-4C90-B890-0335862966C0}.Profile|Any CPU.Build.0 = Template|Win32
		{B8551349-8B72-4C90-B890-0335862966C0}.Profile|Win32.ActiveCfg = Template|Win32
		{B8551349-8B72-4C90-B890-0335862966C0}.Profile|Win32.Build.0 = Template|Win32
		{B8551349-8B72-4C90-B890-0335862966C0}.Profile|x64.ActiveCfg = Template|Win32
		{B8551349-8B72-4C90-B890-0335862966C0}.Profile|x64.Build.0 = Template|Win32
		{B8551349-8B72-4C90-B890-0335862966C0}.Profile|x86.ActiveCfg = Template|Win32
		{B8551349-8B72-4C90-B890-0335862966C0}.Profile|x86.Build.0 = Template|Win32
		{B8551349-8B72-4C90-B890-0335862966C0}.Relase|Any CPU.ActiveCfg = Template|Win32
		{B8551349-8B72-4C90-B890-0335862966C0}.Relase|Any CPU.Build.0 = Template|Win32
		{B8551349-8B72-4C90-B890-0335862966C0}.Relase|Win32.ActiveCfg = Release|Win32
		{B8551349-8B72-4C90-B890-0335862966C0}.Relase|Win32.Build.0 = Release|Win32
		{B8551349-8B72-4C90-B890-0335862966C0}.Relase|x64.ActiveCfg = Template|Win32
		{B8551349-8B72-4C90-B890-0335862966C0}.Relase|x64.Build.0 = Template|Win32
		{B8551349-8B72-4C90-B890-0335862966C0}.Relase|x86.ActiveCfg = Release|Win32
		{B8551349-8B72-4C90-B890-0335862966C0}.Relase|x86.Build.0 = Release|Win32
		{B8551349-8B72-4C90-B890-0335862966C0}.Release|Any CPU.ActiveCfg = Release|Win32
		{B8551349-8B72-4C90-B890-0335862966C0}.Release|Win32.ActiveCfg = Release|Win32
		{B8551349-8B72-4C90-B890-0335862966C0}.Release|Win32.Build.0 = Release|Win32
		{B8551349-8B72-4C90-B890-0335862966C0}.Release|x64.ActiveCfg = Release|Win32
		{B8551349-8B72-4C90-B890-0335862966C0}.Release|x86.ActiveCfg = Release|Win32
		{B8551349-8B72-4C90-B890-0335862966C0}.Release|x86.Build.0 = Release|Win32
		{B8551349-8B72-4C90-B890-0335862966C0}.Template|Any CPU.ActiveCfg = Template|Win32
		{B8551349-8B72-4C90-B890-0335862966C0}.Template|Win32.ActiveCfg = Template|Win32
		{B8551349-8B72-4C90-B890-0335862966C0}.Template|Win32.Build.0 = Template|Win32
		{B8551349-8B72-4C90-B890-0335862966C0}.Template|x64.ActiveCfg = Template|Win32
		{B8551349-8B72-4C90-B890-0335862966C0}.Template|x86.ActiveCfg = Template|Win32
		{B8551349-8B72-4C90-B890-0335862966C0}.Template|x86.Build.0 = Template|Win32
	EndGlobalSection
	GlobalSection(SolutionProperties) = preSolution
		HideSolutionNode = FALSE
	EndGlobalSection
	GlobalSection(ExtensibilityGlobals) = postSolution
		SolutionGuid = {23DEAB6D-701C-4731-941E-FB8F08C19B84}
	EndGlobalSection
EndGlobal
